
Microsoft Visual Studio Solution File, Format Version 12.00
# Visual Studio Version 17
VisualStudioVersion = 17.12.35506.116
MinimumVisualStudioVersion = 10.0.40219.1
Project("{FAE04EC0-301F-11D3-BF4B-00C04F79EFBC}") = "WorklogManagement.UI", "WorklogManagement.UI\WorklogManagement.UI.csproj", "{70851E4E-85BB-438C-8621-2CE58B8F9C24}"
EndProject
Project("{FAE04EC0-301F-11D3-BF4B-00C04F79EFBC}") = "WorklogManagement.Data", "WorklogManagement.Data\WorklogManagement.Data.csproj", "{47435B7B-E576-45DE-82AE-68449B9025E8}"
EndProject
Project("{00D1A9C2-B5F0-4AF3-8072-F6C62B433612}") = "WorklogManagement.Database", "WorklogManagement.Database\WorklogManagement.Database.sqlproj", "{C975A765-2543-4B29-B499-DA945E5337BD}"
EndProject
Project("{FAE04EC0-301F-11D3-BF4B-00C04F79EFBC}") = "WorklogManagement.Shared", "WorklogManagement.Shared\WorklogManagement.Shared.csproj", "{62C8844D-E7F1-4EF3-A869-CEB1E68DF6D8}"
EndProject
Project("{2150E333-8FDC-42A3-9474-1A3956D46DE8}") = "Solution Items", "Solution Items", "{F35EDF70-ABA0-452A-BB4D-640169CB6963}"
	ProjectSection(SolutionItems) = preProject
		.editorconfig = .editorconfig
		.gitignore = .gitignore
	EndProjectSection
EndProject
Project("{FAE04EC0-301F-11D3-BF4B-00C04F79EFBC}") = "WorklogManagement.API", "WorklogManagement.API\WorklogManagement.API.csproj", "{F2B00542-A6D9-4DE8-AD6E-9829C6DF52C2}"
EndProject
Project("{2150E333-8FDC-42A3-9474-1A3956D46DE8}") = "Docker", "Docker", "{2F7C16E4-4691-4FF5-B7FC-58A7876E6A15}"
	ProjectSection(SolutionItems) = preProject
		Docker\.env = Docker\.env
		Docker\docker-compose.yml = Docker\docker-compose.yml
		Docker\README.md = Docker\README.md
		Docker\start-docker.ps1 = Docker\start-docker.ps1
		Docker\stop-docker.ps1 = Docker\stop-docker.ps1
	EndProjectSection
EndProject
Project("{2150E333-8FDC-42A3-9474-1A3956D46DE8}") = "Transformation", "Transformation", "{CDFE670D-CA68-4C3C-8618-1802335F83EE}"
	ProjectSection(SolutionItems) = preProject
		Transformation\CalendarEntryTransformation.sql = Transformation\CalendarEntryTransformation.sql
		Transformation\CalendarEntryTypes.sql = Transformation\CalendarEntryTypes.sql
	EndProjectSection
EndProject
Global
	GlobalSection(SolutionConfigurationPlatforms) = preSolution
		Debug|Any CPU = Debug|Any CPU
		Release|Any CPU = Release|Any CPU
	EndGlobalSection
	GlobalSection(ProjectConfigurationPlatforms) = postSolution
		{70851E4E-85BB-438C-8621-2CE58B8F9C24}.Debug|Any CPU.ActiveCfg = Debug|Any CPU
		{70851E4E-85BB-438C-8621-2CE58B8F9C24}.Debug|Any CPU.Build.0 = Debug|Any CPU
		{70851E4E-85BB-438C-8621-2CE58B8F9C24}.Release|Any CPU.ActiveCfg = Release|Any CPU
		{70851E4E-85BB-438C-8621-2CE58B8F9C24}.Release|Any CPU.Build.0 = Release|Any CPU
		{47435B7B-E576-45DE-82AE-68449B9025E8}.Debug|Any CPU.ActiveCfg = Debug|Any CPU
		{47435B7B-E576-45DE-82AE-68449B9025E8}.Debug|Any CPU.Build.0 = Debug|Any CPU
		{47435B7B-E576-45DE-82AE-68449B9025E8}.Release|Any CPU.ActiveCfg = Release|Any CPU
		{47435B7B-E576-45DE-82AE-68449B9025E8}.Release|Any CPU.Build.0 = Release|Any CPU
		{C975A765-2543-4B29-B499-DA945E5337BD}.Debug|Any CPU.ActiveCfg = Debug|Any CPU
		{C975A765-2543-4B29-B499-DA945E5337BD}.Debug|Any CPU.Build.0 = Debug|Any CPU
		{C975A765-2543-4B29-B499-DA945E5337BD}.Debug|Any CPU.Deploy.0 = Debug|Any CPU
		{C975A765-2543-4B29-B499-DA945E5337BD}.Release|Any CPU.ActiveCfg = Release|Any CPU
		{C975A765-2543-4B29-B499-DA945E5337BD}.Release|Any CPU.Build.0 = Release|Any CPU
		{C975A765-2543-4B29-B499-DA945E5337BD}.Release|Any CPU.Deploy.0 = Release|Any CPU
		{62C8844D-E7F1-4EF3-A869-CEB1E68DF6D8}.Debug|Any CPU.ActiveCfg = Debug|Any CPU
		{62C8844D-E7F1-4EF3-A869-CEB1E68DF6D8}.Debug|Any CPU.Build.0 = Debug|Any CPU
		{62C8844D-E7F1-4EF3-A869-CEB1E68DF6D8}.Release|Any CPU.ActiveCfg = Release|Any CPU
		{62C8844D-E7F1-4EF3-A869-CEB1E68DF6D8}.Release|Any CPU.Build.0 = Release|Any CPU
		{F2B00542-A6D9-4DE8-AD6E-9829C6DF52C2}.Debug|Any CPU.ActiveCfg = Debug|Any CPU
		{F2B00542-A6D9-4DE8-AD6E-9829C6DF52C2}.Debug|Any CPU.Build.0 = Debug|Any CPU
		{F2B00542-A6D9-4DE8-AD6E-9829C6DF52C2}.Release|Any CPU.ActiveCfg = Release|Any CPU
		{F2B00542-A6D9-4DE8-AD6E-9829C6DF52C2}.Release|Any CPU.Build.0 = Release|Any CPU
	EndGlobalSection
	GlobalSection(SolutionProperties) = preSolution
		HideSolutionNode = FALSE
	EndGlobalSection
	GlobalSection(NestedProjects) = preSolution
		{2F7C16E4-4691-4FF5-B7FC-58A7876E6A15} = {F35EDF70-ABA0-452A-BB4D-640169CB6963}
		{CDFE670D-CA68-4C3C-8618-1802335F83EE} = {F35EDF70-ABA0-452A-BB4D-640169CB6963}
	EndGlobalSection
EndGlobal
